# Generated by pub
# See https://dart.dev/tools/pub/glossary#lockfile
packages:
  collection:
    dependency: "direct main"
    description:
      name: collection
      sha256: "2f5709ae4d3d59dd8f7cd309b4e023046b57d8a6c82130785d2b0e5868084e76"
      url: "https://pub.dev"
    source: hosted
    version: "1.19.1"
  meta:
    dependency: "direct main"
    description:
      name: meta
      sha256: df0c643f44ad098eb37988027a8e2b2b5a031fd3977f06bbfd3a76637e8df739
      url: "https://pub.dev"
    source: hosted
    version: "1.18.2"
  pro_lints:
    dependency: "direct dev"
    description:
      name: pro_lints
      sha256: "21e0c247480417710b38136f03c1c68c8cc0e7fd9af61de6a4bbef7c3ebe0438"
      url: "https://pub.dev"
    source: hosted
    version: "5.1.0"
sdks:
  dart: ">=3.10.0 <4.0.0"
